
Microsoft Visual Studio Solution File, Format Version 12.00
# Visual Studio 2013
VisualStudioVersion = 12.0.21005.1
MinimumVisualStudioVersion = 10.0.40219.1
Project("{FAE04EC0-301F-11D3-BF4B-00C04F79EFBC}") = "WebApplication1", "WebApplication1\WebApplication1.csproj", "{B5AD9766-0057-4A25-8FD4-B989F8B76293}"
EndProject
Project("{FAE04EC0-301F-11D3-BF4B-00C04F79EFBC}") = "DataAccess", "DataAccess\DataAccess.csproj", "{830DFC83-D847-44A6-BE3D-FB52D481E347}"
EndProject
Project("{FAE04EC0-301F-11D3-BF4B-00C04F79EFBC}") = "DataModels", "DataModels\DataModels.csproj", "{74175A9E-074D-4FE3-BE69-A1288D9A7C7B}"
EndProject
Global
	GlobalSection(SolutionConfigurationPlatforms) = preSolution
		Debug|Any CPU = Debug|Any CPU
		Release|Any CPU = Release|Any CPU
	EndGlobalSection
	GlobalSection(ProjectConfigurationPlatforms) = postSolution
		{B5AD9766-0057-4A25-8FD4-B989F8B76293}.Debug|Any CPU.ActiveCfg = Debug|Any CPU
		{B5AD9766-0057-4A25-8FD4-B989F8B76293}.Debug|Any CPU.Build.0 = Debug|Any CPU
		{B5AD9766-0057-4A25-8FD4-B989F8B76293}.Release|Any CPU.ActiveCfg = Release|Any CPU
		{B5AD9766-0057-4A25-8FD4-B989F8B76293}.Release|Any CPU.Build.0 = Release|Any CPU
		{830DFC83-D847-44A6-BE3D-FB52D481E347}.Debug|Any CPU.ActiveCfg = Debug|Any CPU
		{830DFC83-D847-44A6-BE3D-FB52D481E347}.Debug|Any CPU.Build.0 = Debug|Any CPU
		{830DFC83-D847-44A6-BE3D-FB52D481E347}.Release|Any CPU.ActiveCfg = Release|Any CPU
		{830DFC83-D847-44A6-BE3D-FB52D481E347}.Release|Any CPU.Build.0 = Release|Any CPU
		{74175A9E-074D-4FE3-BE69-A1288D9A7C7B}.Debug|Any CPU.ActiveCfg = Debug|Any CPU
		{74175A9E-074D-4FE3-BE69-A1288D9A7C7B}.Debug|Any CPU.Build.0 = Debug|Any CPU
		{74175A9E-074D-4FE3-BE69-A1288D9A7C7B}.Release|Any CPU.ActiveCfg = Release|Any CPU
		{74175A9E-074D-4FE3-BE69-A1288D9A7C7B}.Release|Any CPU.Build.0 = Release|Any CPU
	EndGlobalSection
	GlobalSection(SolutionProperties) = preSolution
		HideSolutionNode = FALSE
	EndGlobalSection
EndGlobal
